{
    "_readme": [
        "This file locks the dependencies of your project to a known state",
        "Read more about it at https://getcomposer.org/doc/01-basic-usage.md#installing-dependencies",
        "This file is @generated automatically"
    ],
    "content-hash": "5c4c5d126c7b421d8641a546932a46d5",
    "packages": [
        {
            "name": "catfan/medoo",
            "version": "v2.2.0",
            "source": {
                "type": "git",
                "url": "https://github.com/catfan/Medoo.git",
                "reference": "347515fe63339387738c5c1c93d1d6726cc9774a"
            },
            "dist": {
                "type": "zip",
                "url": "https://api.github.com/repos/catfan/Medoo/zipball/347515fe63339387738c5c1c93d1d6726cc9774a",
                "reference": "347515fe63339387738c5c1c93d1d6726cc9774a",
                "shasum": ""
            },
            "require": {
                "ext-pdo": "*",
                "php": ">=7.3"
            },
            "require-dev": {
                "phpunit/phpunit": "^9.0"
            },
            "suggest": {
                "ext-pdo_dblib": "For MSSQL or Sybase database on Linux/UNIX platform",
                "ext-pdo_mysql": "For MySQL or MariaDB database",
                "ext-pdo_oci": "For Oracle database",
                "ext-pdo_pqsql": "For PostgreSQL database",
                "ext-pdo_sqlite": "For SQLite database",
                "ext-pdo_sqlsrv": "For MSSQL database on both Window/Liunx platform"
            },
            "type": "framework",
            "autoload": {
                "psr-4": {
                    "Medoo\\": "src/"
                }
            },
            "notification-url": "https://packagist.org/downloads/",
            "license": [
                "MIT"
            ],
            "authors": [
                {
                    "name": "Angel Lai",
                    "email": "angel@medoo.in"
                }
            ],
            "description": "The lightweight PHP database framework to accelerate development",
            "homepage": "https://medoo.in",
            "keywords": [
                "database",
                "database library",
                "lightweight",
                "mariadb",
                "mssql",
                "mysql",
                "oracle",
                "php framework",
                "postgresql",
                "sql",
                "sqlite"
            ],
            "support": {
                "issues": "https://github.com/catfan/Medoo/issues",
                "source": "https://github.com/catfan/Medoo"
            },
            "funding": [
                {
                    "url": "https://paypal.me/AngelaonLai",
                    "type": "custom"
                },
                {
                    "url": "https://opencollective.com/medoo",
                    "type": "open_collective"
                }
            ],
            "time": "2025-03-31T07:37:23+00:00"
        },
        {
            "name": "rhilip/bencode",
            "version": "v2.4.4",
            "source": {
                "type": "git",
                "url": "https://github.com/Rhilip/Bencode.git",
                "reference": "67a580fbc50ddec5fc01df67202619461b0fd643"
            },
            "dist": {
                "type": "zip",
                "url": "https://api.github.com/repos/Rhilip/Bencode/zipball/67a580fbc50ddec5fc01df67202619461b0fd643",
                "reference": "67a580fbc50ddec5fc01df67202619461b0fd643",
                "shasum": "",
                "mirrors": [
                    {
                        "url": "https://mirrors.aliyun.com/composer/dists/%package%/%reference%.%type%",
                        "preferred": true
                    }
                ]
            },
            "require": {
                "php": "^7.3|>=8.0"
            },
            "require-dev": {
                "ext-json": "*",
                "phpunit/phpunit": "^9.0"
            },
            "suggest": {
                "php-64bit": "Running 64 bit is recommended to prevent integer overflow"
            },
            "type": "library",
            "autoload": {
                "psr-4": {
                    "Rhilip\\Bencode\\": "src"
                }
            },
            "notification-url": "https://packagist.org/downloads/",
            "license": [
                "MIT"
            ],
            "authors": [
                {
                    "name": "Rhilip",
                    "email": "rhilipruan@gmail.com"
                }
            ],
            "description": "A pure and simple PHP library for encoding and decoding Bencode data",
            "keywords": [
                "bencode",
                "bittorrent",
                "torrent"
            ],
            "support": {
                "issues": "https://github.com/Rhilip/Bencode/issues",
                "source": "https://github.com/Rhilip/Bencode/tree/v2.4.4"
            },
            "time": "2025-02-04T03:05:33+00:00"
        },
        {
            "name": "swoole/ide-helper",
            "version": "4.8.13",
            "source": {
                "type": "git",
                "url": "https://github.com/swoole/ide-helper.git",
                "reference": "d100c446b2e3d56430cbcab5dc3fa20a9f35c4ef"
            },
            "dist": {
                "type": "zip",
                "url": "https://api.github.com/repos/swoole/ide-helper/zipball/d100c446b2e3d56430cbcab5dc3fa20a9f35c4ef",
                "reference": "d100c446b2e3d56430cbcab5dc3fa20a9f35c4ef",
                "shasum": "",
                "mirrors": [
                    {
                        "url": "https://mirrors.aliyun.com/composer/dists/%package%/%reference%.%type%",
                        "preferred": true
                    }
                ]
            },
            "type": "library",
            "notification-url": "https://packagist.org/downloads/",
            "license": [
                "Apache-2.0"
            ],
            "authors": [
                {
                    "name": "Team Swoole",
                    "email": "team@swoole.com"
                }
            ],
            "description": "IDE help files for Swoole.",
            "support": {
                "issues": "https://github.com/swoole/ide-helper/issues",
                "source": "https://github.com/swoole/ide-helper/tree/4.8.13"
            },
            "time": "2023-03-20T06:46:24+00:00"
        }
    ],
    "packages-dev": [],
    "aliases": [],
    "minimum-stability": "stable",
    "stability-flags": {},
    "prefer-stable": false,
    "prefer-lowest": false,
    "platform": {
        "ext-json": "*",
        "ext-mbstring": "*",
        "ext-pdo": "*",
        "ext-redis": "*",
        "ext-posix": "*"
    },
    "platform-dev": {},
    "plugin-api-version": "2.9.0"
}
